
Microsoft Visual Studio Solution File, Format Version 12.00
# Visual Studio Version 16
VisualStudioVersion = 16.0.29728.190
MinimumVisualStudioVersion = 10.0.40219.1
Project("{9A19103F-16F7-4668-BE54-9A1E7A4F7556}") = "NormativeControl", "NormativeControl\NormativeControl.csproj", "{BDDD59DC-2690-47B8-975A-290F6E2AF2C3}"
EndProject
Project("{9A19103F-16F7-4668-BE54-9A1E7A4F7556}") = "BL.Test", "BL.Test\BL.Test.csproj", "{783C7BA4-B5E5-4D24-B3E7-A78C1E53DED2}"
EndProject
Project("{9A19103F-16F7-4668-BE54-9A1E7A4F7556}") = "BL", "BL\BL.csproj", "{57A1E62D-15BC-4D6E-9722-4B6FB0B2AD97}"
EndProject
Global
	GlobalSection(SolutionConfigurationPlatforms) = preSolution
		Debug|Any CPU = Debug|Any CPU
		Release|Any CPU = Release|Any CPU
	EndGlobalSection
	GlobalSection(ProjectConfigurationPlatforms) = postSolution
		{BDDD59DC-2690-47B8-975A-290F6E2AF2C3}.Debug|Any CPU.ActiveCfg = Debug|Any CPU
		{BDDD59DC-2690-47B8-975A-290F6E2AF2C3}.Debug|Any CPU.Build.0 = Debug|Any CPU
		{BDDD59DC-2690-47B8-975A-290F6E2AF2C3}.Release|Any CPU.ActiveCfg = Release|Any CPU
		{BDDD59DC-2690-47B8-975A-290F6E2AF2C3}.Release|Any CPU.Build.0 = Release|Any CPU
		{783C7BA4-B5E5-4D24-B3E7-A78C1E53DED2}.Debug|Any CPU.ActiveCfg = Debug|Any CPU
		{783C7BA4-B5E5-4D24-B3E7-A78C1E53DED2}.Debug|Any CPU.Build.0 = Debug|Any CPU
		{783C7BA4-B5E5-4D24-B3E7-A78C1E53DED2}.Release|Any CPU.ActiveCfg = Release|Any CPU
		{783C7BA4-B5E5-4D24-B3E7-A78C1E53DED2}.Release|Any CPU.Build.0 = Release|Any CPU
		{57A1E62D-15BC-4D6E-9722-4B6FB0B2AD97}.Debug|Any CPU.ActiveCfg = Debug|Any CPU
		{57A1E62D-15BC-4D6E-9722-4B6FB0B2AD97}.Debug|Any CPU.Build.0 = Debug|Any CPU
		{57A1E62D-15BC-4D6E-9722-4B6FB0B2AD97}.Release|Any CPU.ActiveCfg = Release|Any CPU
		{57A1E62D-15BC-4D6E-9722-4B6FB0B2AD97}.Release|Any CPU.Build.0 = Release|Any CPU
	EndGlobalSection
	GlobalSection(SolutionProperties) = preSolution
		HideSolutionNode = FALSE
	EndGlobalSection
	GlobalSection(ExtensibilityGlobals) = postSolution
		SolutionGuid = {184DC709-7776-4EDC-98B7-2ECEBD40C471}
	EndGlobalSection
EndGlobal
